{
  "name": "gov-site",
  "version": "0.0.0",
  "dependencies": {
    "Base64": {
      "version": "0.2.1",
      "dev": true
    },
    "abbrev": {
      "version": "1.0.9"
    },
    "accepts": {
      "version": "1.3.3",
      "dev": true
    },
    "acorn": {
      "version": "3.3.0",
      "dev": true
    },
    "after": {
      "version": "0.8.1",
      "dev": true
    },
    "align-text": {
      "version": "0.1.4"
    },
    "amdefine": {
      "version": "1.0.1"
    },
    "ansi-regex": {
      "version": "2.0.0"
    },
    "ansi-styles": {
      "version": "2.2.1"
    },
    "anymatch": {
      "version": "1.3.0",
      "dev": true
    },
    "argparse": {
      "version": "1.0.9"
    },
    "arr-diff": {
      "version": "2.0.0",
      "dev": true
    },
    "arr-flatten": {
      "version": "1.0.1",
      "dev": true
    },
    "array-differ": {
      "version": "1.0.0"
    },
    "array-find-index": {
      "version": "1.0.2"
    },
    "array-flatten": {
      "version": "1.1.1",
      "dev": true
    },
    "array-slice": {
      "version": "0.2.3",
      "dev": true
    },
    "array-union": {
      "version": "1.0.2"
    },
    "array-uniq": {
      "version": "1.0.3"
    },
    "array-unique": {
      "version": "0.2.1",
      "dev": true
    },
    "arraybuffer.slice": {
      "version": "0.0.6",
      "dev": true
    },
    "arrify": {
      "version": "1.0.1"
    },
    "asn1": {
      "version": "0.2.3",
      "dev": true
    },
    "assert": {
      "version": "1.4.1",
      "dev": true
    },
    "assert-plus": {
      "version": "0.2.0",
      "dev": true
    },
    "async": {
      "version": "1.5.2"
    },
    "async-each": {
      "version": "1.0.1",
      "dev": true
    },
    "autoprefixer-core": {
      "version": "5.2.1",
      "dev": true
    },
    "aws-sign2": {
      "version": "0.6.0",
      "dev": true
    },
    "aws4": {
      "version": "1.5.0",
      "dev": true
    },
    "backo2": {
      "version": "1.0.2",
      "dev": true
    },
    "balanced-match": {
      "version": "0.4.2"
    },
    "base64-arraybuffer": {
      "version": "0.1.2",
      "dev": true
    },
    "base64-js": {
      "version": "1.2.0",
      "dev": true
    },
    "base64id": {
      "version": "0.1.0",
      "dev": true
    },
    "basic-auth": {
      "version": "1.0.4",
      "dev": true
    },
    "batch": {
      "version": "0.5.3",
      "dev": true
    },
    "bcrypt-pbkdf": {
      "version": "1.0.0",
      "dev": true,
      "optional": true
    },
    "beeper": {
      "version": "1.1.0",
      "dev": true
    },
    "benchmark": {
      "version": "1.0.0",
      "dev": true
    },
    "better-assert": {
      "version": "1.0.2",
      "dev": true
    },
    "big.js": {
      "version": "3.1.3",
      "dev": true
    },
    "bin-version": {
      "version": "1.0.4",
      "dev": true
    },
    "bin-version-check": {
      "version": "2.1.0",
      "dependencies": {
        "semver": {
          "version": "4.3.6",
          "dev": true
        }
      },
      "dev": true
    },
    "binary-extensions": {
      "version": "1.7.0",
      "dev": true
    },
    "bl": {
      "version": "1.1.2",
      "dependencies": {
        "isarray": {
          "version": "1.0.0",
          "dev": true
        },
        "readable-stream": {
          "version": "2.0.6",
          "dev": true
        }
      },
      "dev": true
    },
    "blob": {
      "version": "0.0.4",
      "dev": true
    },
    "bluebird": {
      "version": "3.4.6",
      "dev": true
    },
    "body-parser": {
      "version": "1.14.2",
      "dependencies": {
        "http-errors": {
          "version": "1.3.1",
          "dev": true
        },
        "qs": {
          "version": "5.2.0",
          "dev": true
        }
      },
      "dev": true
    },
    "boolbase": {
      "version": "1.0.0"
    },
    "boom": {
      "version": "2.10.1",
      "dev": true
    },
    "brace-expansion": {
      "version": "1.1.6"
    },
    "braces": {
      "version": "1.8.5",
      "dev": true
    },
    "browserify-zlib": {
      "version": "0.1.4",
      "dev": true
    },
    "browserslist": {
      "version": "0.4.0",
      "dev": true
    },
    "buffer": {
      "version": "4.9.1",
      "dependencies": {
        "isarray": {
          "version": "1.0.0",
          "dev": true
        }
      },
      "dev": true
    },
    "buffer-shims": {
      "version": "1.0.0",
      "dev": true
    },
    "builtin-modules": {
      "version": "1.1.1"
    },
    "bytes": {
      "version": "2.2.0",
      "dev": true
    },
    "callsite": {
      "version": "1.0.0",
      "dev": true
    },
    "camelcase": {
      "version": "2.1.1"
    },
    "camelcase-keys": {
      "version": "2.1.0"
    },
    "caniuse-db": {
      "version": "1.0.30000572",
      "dev": true
    },
    "caseless": {
      "version": "0.11.0",
      "dev": true
    },
    "center-align": {
      "version": "0.1.3"
    },
    "chalk": {
      "version": "1.1.3"
    },
    "cheerio": {
      "version": "0.19.0"
    },
    "chokidar": {
      "version": "1.6.1",
      "dev": true
    },
    "cli": {
      "version": "1.0.1",
      "dependencies": {
        "glob": {
          "version": "7.1.1",
          "dev": true
        }
      },
      "dev": true
    },
    "cliui": {
      "version": "2.1.0",
      "dependencies": {
        "wordwrap": {
          "version": "0.0.2"
        }
      }
    },
    "clone": {
      "version": "1.0.2",
      "dev": true
    },
    "coffee-script": {
      "version": "1.10.0"
    },
    "colors": {
      "version": "1.1.2"
    },
    "combine-lists": {
      "version": "1.0.1",
      "dependencies": {
        "lodash": {
          "version": "4.16.6",
          "dev": true
        }
      },
      "dev": true
    },
    "combined-stream": {
      "version": "1.0.5",
      "dev": true
    },
    "commander": {
      "version": "2.9.0",
      "dev": true
    },
    "component-bind": {
      "version": "1.0.0",
      "dev": true
    },
    "component-emitter": {
      "version": "1.1.2",
      "dev": true
    },
    "component-inherit": {
      "version": "0.0.3",
      "dev": true
    },
    "compressible": {
      "version": "2.0.9",
      "dev": true
    },
    "compression": {
      "version": "1.6.2",
      "dependencies": {
        "bytes": {
          "version": "2.3.0",
          "dev": true
        }
      },
      "dev": true
    },
    "concat-map": {
      "version": "0.0.1"
    },
    "concat-stream": {
      "version": "1.5.0",
      "dependencies": {
        "isarray": {
          "version": "1.0.0",
          "dev": true
        },
        "readable-stream": {
          "version": "2.0.6",
          "dev": true
        }
      },
      "dev": true
    },
    "config-weaver": {
      "version": "0.0.15"
    },
    "connect": {
      "version": "3.5.0",
      "dev": true
    },
    "connect-history-api-fallback": {
      "version": "1.3.0",
      "dev": true
    },
    "connect-livereload": {
      "version": "0.5.4",
      "dev": true
    },
    "console-browserify": {
      "version": "1.1.0",
      "dev": true
    },
    "constants-browserify": {
      "version": "0.0.1",
      "dev": true
    },
    "content-disposition": {
      "version": "0.5.1",
      "dev": true
    },
    "content-type": {
      "version": "1.0.2",
      "dev": true
    },
    "convert-source-map": {
      "version": "1.3.0",
      "dev": true
    },
    "cookie": {
      "version": "0.3.1",
      "dev": true
    },
    "cookie-signature": {
      "version": "1.0.6",
      "dev": true
    },
    "core-js": {
      "version": "2.4.1",
      "dev": true
    },
    "core-util-is": {
      "version": "1.0.2"
    },
    "cryptiles": {
      "version": "2.0.5",
      "dev": true
    },
    "crypto-browserify": {
      "version": "3.2.8",
      "dev": true
    },
    "cson": {
      "version": "3.0.2"
    },
    "cson-parser": {
      "version": "1.3.4"
    },
    "css-select": {
      "version": "1.0.0"
    },
    "css-what": {
      "version": "1.0.0"
    },
    "currently-unhandled": {
      "version": "0.4.1"
    },
    "custom-event": {
      "version": "1.0.1",
      "dev": true
    },
    "dargs": {
      "version": "2.1.0",
      "dev": true
    },
    "dashdash": {
      "version": "1.14.0",
      "dependencies": {
        "assert-plus": {
          "version": "1.0.0",
          "dev": true
        }
      },
      "dev": true
    },
    "date-now": {
      "version": "0.1.4",
      "dev": true
    },
    "date-time": {
      "version": "1.1.0"
    },
    "dateformat": {
      "version": "1.0.12"
    },
    "debug": {
      "version": "2.2.0",
      "dev": true
    },
    "decamelize": {
      "version": "1.2.0"
    },
    "deep-is": {
      "version": "0.1.3",
      "dev": true
    },
    "delayed-stream": {
      "version": "1.0.0",
      "dev": true
    },
    "depd": {
      "version": "1.1.0",
      "dev": true
    },
    "destroy": {
      "version": "1.0.4",
      "dev": true
    },
    "di": {
      "version": "0.0.1",
      "dev": true
    },
    "diff": {
      "version": "1.3.2",
      "dev": true
    },
    "dom-serialize": {
      "version": "2.2.1",
      "dev": true
    },
    "dom-serializer": {
      "version": "0.1.0",
      "dependencies": {
        "domelementtype": {
          "version": "1.1.3"
        }
      }
    },
    "domain-browser": {
      "version": "1.1.7",
      "dev": true
    },
    "domelementtype": {
      "version": "1.3.0"
    },
    "domhandler": {
      "version": "2.3.0"
    },
    "domutils": {
      "version": "1.4.3"
    },
    "duplexify": {
      "version": "3.5.0",
      "dependencies": {
        "isarray": {
          "version": "1.0.0",
          "dev": true
        },
        "readable-stream": {
          "version": "2.1.5",
          "dev": true
        }
      },
      "dev": true
    },
    "each-async": {
      "version": "0.1.3",
      "dev": true
    },
    "eachr": {
      "version": "3.2.0"
    },
    "ecc-jsbn": {
      "version": "0.1.1",
      "dev": true,
      "optional": true
    },
    "editions": {
      "version": "1.3.1"
    },
    "ee-first": {
      "version": "1.1.1",
      "dev": true
    },
    "emojis-list": {
      "version": "2.1.0",
      "dev": true
    },
    "encodeurl": {
      "version": "1.0.1",
      "dev": true
    },
    "end-of-stream": {
      "version": "1.0.0",
      "dependencies": {
        "once": {
          "version": "1.3.3",
          "dev": true
        }
      },
      "dev": true
    },
    "engine.io": {
      "version": "1.6.10",
      "dependencies": {
        "accepts": {
          "version": "1.1.4",
          "dev": true
        },
        "mime-db": {
          "version": "1.12.0",
          "dev": true
        },
        "mime-types": {
          "version": "2.0.14",
          "dev": true
        },
        "negotiator": {
          "version": "0.4.9",
          "dev": true
        }
      },
      "dev": true
    },
    "engine.io-client": {
      "version": "1.6.9",
      "dev": true
    },
    "engine.io-parser": {
      "version": "1.2.4",
      "dependencies": {
        "has-binary": {
          "version": "0.1.6",
          "dev": true
        }
      },
      "dev": true
    },
    "enhanced-resolve": {
      "version": "0.9.1",
      "dependencies": {
        "memory-fs": {
          "version": "0.2.0",
          "dev": true
        }
      },
      "dev": true
    },
    "ent": {
      "version": "2.2.0",
      "dev": true
    },
    "entities": {
      "version": "1.1.1"
    },
    "errno": {
      "version": "0.1.4",
      "dev": true
    },
    "error-ex": {
      "version": "1.3.0"
    },
    "es6-promise": {
      "version": "2.3.0",
      "dev": true
    },
    "escape-html": {
      "version": "1.0.3",
      "dev": true
    },
    "escape-string-regexp": {
      "version": "1.0.5"
    },
    "escodegen": {
      "version": "1.8.1",
      "dependencies": {
        "source-map": {
          "version": "0.2.0",
          "dev": true,
          "optional": true
        }
      },
      "dev": true
    },
    "esprima": {
      "version": "2.7.3"
    },
    "estraverse": {
      "version": "1.9.3",
      "dev": true
    },
    "esutils": {
      "version": "2.0.2",
      "dev": true
    },
    "etag": {
      "version": "1.7.0",
      "dev": true
    },
    "eventemitter2": {
      "version": "0.4.14"
    },
    "eventemitter3": {
      "version": "1.2.0",
      "dev": true
    },
    "events": {
      "version": "1.1.1",
      "dev": true
    },
    "eventsource": {
      "version": "0.1.6",
      "dev": true
    },
    "exec-sh": {
      "version": "0.2.0",
      "dev": true
    },
    "exit": {
      "version": "0.1.2"
    },
    "expand-braces": {
      "version": "0.1.2",
      "dependencies": {
        "braces": {
          "version": "0.1.5",
          "dev": true
        },
        "expand-range": {
          "version": "0.1.1",
          "dev": true
        },
        "is-number": {
          "version": "0.1.1",
          "dev": true
        },
        "repeat-string": {
          "version": "0.2.2",
          "dev": true
        }
      },
      "dev": true
    },
    "expand-brackets": {
      "version": "0.1.5",
      "dev": true
    },
    "expand-range": {
      "version": "1.8.2",
      "dev": true
    },
    "express": {
      "version": "4.14.0",
      "dependencies": {
        "qs": {
          "version": "6.2.0",
          "dev": true
        }
      },
      "dev": true
    },
    "extend": {
      "version": "3.0.0",
      "dev": true
    },
    "extglob": {
      "version": "0.3.2",
      "dev": true
    },
    "extract-opts": {
      "version": "3.3.1"
    },
    "extract-zip": {
      "version": "1.5.0",
      "dependencies": {
        "debug": {
          "version": "0.7.4",
          "dev": true
        },
        "minimist": {
          "version": "0.0.8",
          "dev": true
        },
        "mkdirp": {
          "version": "0.5.0",
          "dev": true
        }
      },
      "dev": true
    },
    "extsprintf": {
      "version": "1.0.2",
      "dev": true
    },
    "fast-levenshtein": {
      "version": "2.0.5",
      "dev": true
    },
    "fastparse": {
      "version": "1.1.1",
      "dev": true
    },
    "faye-websocket": {
      "version": "0.10.0",
      "dev": true
    },
    "fd-slicer": {
      "version": "1.0.1",
      "dev": true
    },
    "figures": {
      "version": "1.7.0"
    },
    "file-sync-cmp": {
      "version": "0.1.1"
    },
    "filename-regex": {
      "version": "2.0.0",
      "dev": true
    },
    "fileset": {
      "version": "0.1.8",
      "dependencies": {
        "glob": {
          "version": "3.2.11",
          "dependencies": {
            "minimatch": {
              "version": "0.3.0",
              "dev": true
            }
          },
          "dev": true
        },
        "minimatch": {
          "version": "0.4.0",
          "dev": true
        }
      },
      "dev": true
    },
    "fill-range": {
      "version": "2.2.3",
      "dev": true
    },
    "finalhandler": {
      "version": "0.5.0",
      "dev": true
    },
    "find-up": {
      "version": "1.1.2"
    },
    "find-versions": {
      "version": "1.2.1",
      "dev": true
    },
    "findup-sync": {
      "version": "0.3.0",
      "dependencies": {
        "glob": {
          "version": "5.0.15"
        }
      }
    },
    "for-in": {
      "version": "0.1.6",
      "dev": true
    },
    "for-own": {
      "version": "0.1.4",
      "dev": true
    },
    "forever-agent": {
      "version": "0.6.1",
      "dev": true
    },
    "form-data": {
      "version": "1.0.1",
      "dependencies": {
        "async": {
          "version": "2.1.2",
          "dev": true
        },
        "lodash": {
          "version": "4.16.6",
          "dev": true
        }
      },
      "dev": true
    },
    "forwarded": {
      "version": "0.1.0",
      "dev": true
    },
    "fresh": {
      "version": "0.3.0",
      "dev": true
    },
    "fs": {
      "version": "0.0.2"
    },
    "fs-extra": {
      "version": "0.30.0",
      "dev": true
    },
    "fs.realpath": {
      "version": "1.0.0"
    },
    "gaze": {
      "version": "1.1.2",
      "dev": true
    },
    "generate-function": {
      "version": "2.0.0",
      "dev": true
    },
    "generate-object-property": {
      "version": "1.2.0",
      "dev": true
    },
    "get-stdin": {
      "version": "4.0.1"
    },
    "getobject": {
      "version": "0.1.0"
    },
    "getpass": {
      "version": "0.1.6",
      "dependencies": {
        "assert-plus": {
          "version": "1.0.0",
          "dev": true
        }
      },
      "dev": true
    },
    "glob": {
      "version": "7.0.6"
    },
    "glob-base": {
      "version": "0.3.0",
      "dev": true
    },
    "glob-parent": {
      "version": "2.0.0",
      "dev": true
    },
    "globule": {
      "version": "1.1.0",
      "dependencies": {
        "glob": {
          "version": "7.1.1",
          "dev": true
        },
        "lodash": {
          "version": "4.16.6",
          "dev": true
        }
      },
      "dev": true
    },
    "graceful-fs": {
      "version": "4.1.9"
    },
    "graceful-readlink": {
      "version": "1.0.1",
      "dev": true
    },
    "growl": {
      "version": "1.7.0",
      "dev": true
    },
    "grunt": {
      "version": "1.0.1",
      "dependencies": {
        "grunt-cli": {
          "version": "1.2.0"
        },
        "js-yaml": {
          "version": "3.5.5"
        }
      }
    },
    "grunt-autoprefixer": {
      "version": "3.0.4",
      "dependencies": {
        "ansi-regex": {
          "version": "1.1.1",
          "dev": true
        },
        "chalk": {
          "version": "1.0.0",
          "dev": true
        },
        "has-ansi": {
          "version": "1.0.3",
          "dev": true
        },
        "strip-ansi": {
          "version": "2.0.1",
          "dev": true
        },
        "supports-color": {
          "version": "1.3.1",
          "dev": true
        }
      },
      "dev": true
    },
    "grunt-concurrent": {
      "version": "2.3.1",
      "dev": true
    },
    "grunt-contrib-clean": {
      "version": "1.0.0",
      "dependencies": {
        "rimraf": {
          "version": "2.5.4"
        }
      }
    },
    "grunt-contrib-compass": {
      "version": "1.1.1",
      "dev": true
    },
    "grunt-contrib-concat": {
      "version": "1.0.1"
    },
    "grunt-contrib-connect": {
      "version": "1.0.2",
      "dev": true
    },
    "grunt-contrib-copy": {
      "version": "1.0.0"
    },
    "grunt-contrib-jshint": {
      "version": "1.0.0",
      "dev": true
    },
    "grunt-contrib-watch": {
      "version": "1.0.0",
      "dev": true
    },
    "grunt-filerev": {
      "version": "2.3.1",
      "dev": true
    },
    "grunt-filerev-replace": {
      "version": "0.1.5",
      "dev": true
    },
    "grunt-istanbul": {
      "version": "0.7.1",
      "dependencies": {
        "chalk": {
          "version": "1.1.1",
          "dev": true
        }
      },
      "dev": true
    },
    "grunt-jasmine-node-new": {
      "version": "0.3.2",
      "dependencies": {
        "coffee-script": {
          "version": "1.6.3",
          "dev": true
        }
      },
      "dev": true
    },
    "grunt-karma": {
      "version": "2.0.0",
      "dev": true
    },
    "grunt-known-options": {
      "version": "1.1.0"
    },
    "grunt-legacy-log": {
      "version": "1.0.0"
    },
    "grunt-legacy-log-utils": {
      "version": "1.0.0",
      "dependencies": {
        "lodash": {
          "version": "4.3.0"
        }
      }
    },
    "grunt-legacy-util": {
      "version": "1.0.0",
      "dependencies": {
        "lodash": {
          "version": "4.3.0"
        }
      }
    },
    "grunt-newer": {
      "version": "1.2.0",
      "dependencies": {
        "rimraf": {
          "version": "2.5.4",
          "dev": true
        }
      },
      "dev": true
    },
    "grunt-sonar-runner": {
      "version": "2.4.8",
      "dev": true
    },
    "grunt-webpack": {
      "version": "1.0.18",
      "dependencies": {
        "lodash": {
          "version": "4.16.6",
          "dev": true
        }
      },
      "dev": true
    },
    "handlebars": {
      "version": "4.0.5",
      "dependencies": {
        "source-map": {
          "version": "0.4.4"
        }
      }
    },
    "handlebars-loader": {
      "version": "1.4.0",
      "dependencies": {
        "async": {
          "version": "0.2.10",
          "dev": true
        }
      },
      "dev": true
    },
    "har-validator": {
      "version": "2.0.6",
      "dev": true
    },
    "has-ansi": {
      "version": "2.0.0"
    },
    "has-binary": {
      "version": "0.1.7",
      "dev": true
    },
    "has-cors": {
      "version": "1.1.0",
      "dev": true
    },
    "has-flag": {
      "version": "1.0.0",
      "dev": true
    },
    "hasha": {
      "version": "2.2.0",
      "dev": true
    },
    "hawk": {
      "version": "3.1.3",
      "dev": true
    },
    "hoek": {
      "version": "2.16.3",
      "dev": true
    },
    "hooker": {
      "version": "0.2.3"
    },
    "hosted-git-info": {
      "version": "2.1.5"
    },
    "html5shiv": {
      "version": "3.7.3",
      "dev": true
    },
    "htmlparser2": {
      "version": "3.8.3",
      "dependencies": {
        "domutils": {
          "version": "1.5.1"
        },
        "entities": {
          "version": "1.0.0"
        }
      }
    },
    "http-browserify": {
      "version": "1.7.0",
      "dev": true
    },
    "http-errors": {
      "version": "1.5.0",
      "dependencies": {
        "inherits": {
          "version": "2.0.1",
          "dev": true
        }
      },
      "dev": true
    },
    "http-proxy": {
      "version": "1.15.2",
      "dev": true
    },
    "http-proxy-middleware": {
      "version": "0.17.2",
      "dependencies": {
        "is-extglob": {
          "version": "2.1.0",
          "dev": true
        },
        "is-glob": {
          "version": "3.1.0",
          "dev": true
        },
        "lodash": {
          "version": "4.16.6",
          "dev": true
        }
      },
      "dev": true
    },
    "http-rewrite-middleware": {
      "version": "0.1.6",
      "dev": true
    },
    "http-signature": {
      "version": "1.1.1",
      "dev": true
    },
    "http2": {
      "version": "3.3.6",
      "dev": true
    },
    "https-browserify": {
      "version": "0.0.0",
      "dev": true
    },
    "iconv-lite": {
      "version": "0.4.13"
    },
    "ieee754": {
      "version": "1.1.8",
      "dev": true
    },
    "indent-string": {
      "version": "2.1.0"
    },
    "indexof": {
      "version": "0.0.1",
      "dev": true
    },
    "inflight": {
      "version": "1.0.6"
    },
    "inherit": {
      "version": "2.2.6"
    },
    "inherits": {
      "version": "2.0.3"
    },
    "interpret": {
      "version": "0.6.6",
      "dev": true
    },
    "inuit-box-sizing": {
      "version": "0.2.0",
      "dev": true
    },
    "inuit-defaults": {
      "version": "0.2.3",
      "dev": true
    },
    "inuit-functions": {
      "version": "0.2.0",
      "dev": true
    },
    "inuit-layout": {
      "version": "0.2.2",
      "dev": true
    },
    "inuit-mixins": {
      "version": "0.2.3",
      "dev": true
    },
    "inuit-normalize": {
      "version": "3.0.3",
      "dev": true
    },
    "inuit-page": {
      "version": "0.2.1",
      "dev": true
    },
    "inuit-responsive-settings": {
      "version": "0.1.5",
      "dev": true
    },
    "inuit-responsive-tools": {
      "version": "0.1.3",
      "dev": true
    },
    "inuit-responsive-widths": {
      "version": "0.2.2",
      "dev": true
    },
    "inuit-starter-kit": {
      "version": "0.2.9",
      "dependencies": {
        "inuit-defaults": {
          "version": "0.2.1",
          "dev": true
        },
        "inuit-normalize": {
          "version": "3.0.2",
          "dev": true
        }
      },
      "dev": true
    },
    "inuit-tools-widths": {
      "version": "0.1.4",
      "dev": true
    },
    "inuit-widths": {
      "version": "0.4.2",
      "dev": true
    },
    "ipaddr.js": {
      "version": "1.1.1",
      "dev": true
    },
    "irregular-plurals": {
      "version": "1.2.0",
      "dev": true
    },
    "is-arrayish": {
      "version": "0.2.1"
    },
    "is-binary-path": {
      "version": "1.0.1",
      "dev": true
    },
    "is-buffer": {
      "version": "1.1.4"
    },
    "is-builtin-module": {
      "version": "1.0.0"
    },
    "is-dotfile": {
      "version": "1.0.2",
      "dev": true
    },
    "is-equal-shallow": {
      "version": "0.1.3",
      "dev": true
    },
    "is-extendable": {
      "version": "0.1.1",
      "dev": true
    },
    "is-extglob": {
      "version": "1.0.0",
      "dev": true
    },
    "is-finite": {
      "version": "1.0.2"
    },
    "is-glob": {
      "version": "2.0.1",
      "dev": true
    },
    "is-my-json-valid": {
      "version": "2.15.0",
      "dev": true
    },
    "is-number": {
      "version": "2.1.0",
      "dev": true
    },
    "is-posix-bracket": {
      "version": "0.1.1",
      "dev": true
    },
    "is-primitive": {
      "version": "2.0.0",
      "dev": true
    },
    "is-property": {
      "version": "1.0.2",
      "dev": true
    },
    "is-stream": {
      "version": "1.1.0",
      "dev": true
    },
    "is-typedarray": {
      "version": "1.0.0",
      "dev": true
    },
    "is-utf8": {
      "version": "0.2.1"
    },
    "isarray": {
      "version": "0.0.1"
    },
    "isbinaryfile": {
      "version": "3.0.1",
      "dev": true
    },
    "isexe": {
      "version": "1.1.2"
    },
    "isobject": {
      "version": "2.1.0",
      "dependencies": {
        "isarray": {
          "version": "1.0.0",
          "dev": true
        }
      },
      "dev": true
    },
    "isstream": {
      "version": "0.1.2",
      "dev": true
    },
    "istanbul": {
      "version": "0.4.5",
      "dependencies": {
        "glob": {
          "version": "5.0.15",
          "dev": true
        },
        "supports-color": {
          "version": "3.1.2",
          "dev": true
        },
        "wordwrap": {
          "version": "1.0.0",
          "dev": true
        }
      },
      "dev": true
    },
    "jasmine-core": {
      "version": "2.5.2",
      "dev": true
    },
    "jasmine-expect": {
      "version": "2.0.2",
      "dev": true
    },
    "jasmine-growl-reporter": {
      "version": "0.0.3",
      "dev": true
    },
    "jasmine-matchers-loader": {
      "version": "0.1.0",
      "dev": true
    },
    "jasmine-node": {
      "version": "1.14.5",
      "dependencies": {
        "gaze": {
          "version": "0.3.4",
          "dev": true
        },
        "minimatch": {
          "version": "0.2.14",
          "dev": true
        },
        "mkdirp": {
          "version": "0.3.5",
          "dev": true
        }
      },
      "dev": true
    },
    "jasmine-reporters": {
      "version": "1.0.2",
      "dependencies": {
        "mkdirp": {
          "version": "0.3.5",
          "dev": true
        }
      },
      "dev": true
    },
    "jit-grunt": {
      "version": "0.10.0"
    },
    "jodid25519": {
      "version": "1.0.2",
      "dev": true,
      "optional": true
    },
    "jquery": {
      "version": "1.12.4",
      "dev": true
    },
    "js-base64": {
      "version": "2.1.9",
      "dev": true
    },
    "js-yaml": {
      "version": "3.6.1"
    },
    "jsbn": {
      "version": "0.1.0",
      "dev": true,
      "optional": true
    },
    "jshint": {
      "version": "2.9.4",
      "dependencies": {
        "lodash": {
          "version": "3.7.0",
          "dev": true
        }
      },
      "dev": true
    },
    "jshint-stylish": {
      "version": "2.2.1",
      "dependencies": {
        "plur": {
          "version": "2.1.2",
          "dev": true
        }
      },
      "dev": true
    },
    "json-schema": {
      "version": "0.2.3",
      "dev": true
    },
    "json-stringify-safe": {
      "version": "5.0.1",
      "dev": true
    },
    "json3": {
      "version": "3.2.6",
      "dev": true
    },
    "json5": {
      "version": "0.5.0",
      "dev": true
    },
    "jsonfile": {
      "version": "2.4.0",
      "dev": true
    },
    "jsonpointer": {
      "version": "4.0.0",
      "dev": true
    },
    "jsprim": {
      "version": "1.3.1",
      "dev": true
    },
    "karma": {
      "version": "1.3.0",
      "dependencies": {
        "rimraf": {
          "version": "2.5.4",
          "dev": true
        }
      },
      "dev": true
    },
    "karma-coverage": {
      "version": "1.1.1",
      "dev": true
    },
    "karma-jasmine": {
      "version": "1.0.2",
      "dev": true
    },
    "karma-jasmine-matchers": {
      "version": "2.0.2",
      "dev": true
    },
    "karma-junit-reporter": {
      "version": "1.1.0",
      "dev": true
    },
    "karma-phantomjs-launcher": {
      "version": "1.0.2",
      "dependencies": {
        "lodash": {
          "version": "4.16.6",
          "dev": true
        }
      },
      "dev": true
    },
    "karma-requirejs": {
      "version": "1.1.0",
      "dev": true
    },
    "kew": {
      "version": "0.7.0",
      "dev": true
    },
    "kind-of": {
      "version": "3.0.4"
    },
    "klaw": {
      "version": "1.3.1",
      "dev": true
    },
    "lazy-cache": {
      "version": "1.0.4"
    },
    "levn": {
      "version": "0.3.0",
      "dev": true
    },
    "livereload-js": {
      "version": "2.2.2",
      "dev": true
    },
    "load-grunt-config": {
      "version": "0.19.2",
      "dependencies": {
        "glob": {
          "version": "5.0.15"
        },
        "js-yaml": {
          "version": "3.4.6"
        },
        "load-grunt-tasks": {
          "version": "3.3.0"
        }
      }
    },
    "load-grunt-tasks": {
      "version": "3.5.2"
    },
    "load-json-file": {
      "version": "1.1.0"
    },
    "loader-utils": {
      "version": "0.2.16",
      "dev": true
    },
    "lodash": {
      "version": "3.10.1"
    },
    "log-symbols": {
      "version": "1.0.2",
      "dev": true
    },
    "log4js": {
      "version": "0.6.38",
      "dependencies": {
        "readable-stream": {
          "version": "1.0.34",
          "dev": true
        },
        "semver": {
          "version": "4.3.6",
          "dev": true
        }
      },
      "dev": true
    },
    "longest": {
      "version": "1.0.1"
    },
    "loud-rejection": {
      "version": "1.6.0"
    },
    "lru-cache": {
      "version": "2.7.3",
      "dev": true
    },
    "map-obj": {
      "version": "1.0.1"
    },
    "marked": {
      "version": "0.3.6"
    },
    "media-typer": {
      "version": "0.3.0",
      "dev": true
    },
    "memory-fs": {
      "version": "0.3.0",
      "dependencies": {
        "isarray": {
          "version": "1.0.0",
          "dev": true
        },
        "readable-stream": {
          "version": "2.1.5",
          "dev": true
        }
      },
      "dev": true
    },
    "meow": {
      "version": "3.7.0"
    },
    "merge": {
      "version": "1.2.0",
      "dev": true
    },
    "merge-descriptors": {
      "version": "1.0.1",
      "dev": true
    },
    "methods": {
      "version": "1.1.2",
      "dev": true
    },
    "micromatch": {
      "version": "2.3.11",
      "dev": true
    },
    "mime": {
      "version": "1.3.4",
      "dev": true
    },
    "mime-db": {
      "version": "1.24.0",
      "dev": true
    },
    "mime-types": {
      "version": "2.1.12",
      "dev": true
    },
    "minimatch": {
      "version": "3.0.3"
    },
    "minimist": {
      "version": "1.2.0"
    },
    "mkdirp": {
      "version": "0.5.1",
      "dependencies": {
        "minimist": {
          "version": "0.0.8",
          "dev": true
        }
      },
      "dev": true
    },
    "moment": {
      "version": "2.10.6"
    },
    "morgan": {
      "version": "1.7.0",
      "dev": true
    },
    "ms": {
      "version": "0.7.1",
      "dev": true
    },
    "multimatch": {
      "version": "2.1.0"
    },
    "mygov-assets": {
      "version": "1.0.5",
      "dev": true
    },
    "negotiator": {
      "version": "0.6.1",
      "dev": true
    },
    "node-libs-browser": {
      "version": "0.6.0",
      "dev": true
    },
    "node-uuid": {
      "version": "1.4.7",
      "dev": true
    },
    "nopt": {
      "version": "3.0.6"
    },
    "normalize-package-data": {
      "version": "2.3.5"
    },
    "normalize-path": {
      "version": "2.0.1",
      "dev": true
    },
    "nth-check": {
      "version": "1.0.1"
    },
    "nue": {
      "version": "0.7.1",
      "dev": true
    },
    "num2fraction": {
      "version": "1.2.2",
      "dev": true
    },
    "number-is-nan": {
      "version": "1.0.1"
    },
    "oauth-sign": {
      "version": "0.8.2",
      "dev": true
    },
    "object-assign": {
      "version": "4.1.0"
    },
    "object-component": {
      "version": "0.0.3",
      "dev": true
    },
    "object.omit": {
      "version": "2.0.1",
      "dev": true
    },
    "on-finished": {
      "version": "2.3.0",
      "dev": true
    },
    "on-headers": {
      "version": "1.0.1",
      "dev": true
    },
    "once": {
      "version": "1.4.0"
    },
    "onetime": {
      "version": "1.1.0",
      "dev": true
    },
    "open": {
      "version": "0.0.5",
      "dev": true
    },
    "opn": {
      "version": "4.0.2",
      "dev": true
    },
    "optimist": {
      "version": "0.6.1",
      "dependencies": {
        "minimist": {
          "version": "0.0.10"
        }
      }
    },
    "optionator": {
      "version": "0.8.2",
      "dependencies": {
        "wordwrap": {
          "version": "1.0.0",
          "dev": true
        }
      },
      "dev": true
    },
    "options": {
      "version": "0.0.6",
      "dev": true
    },
    "original": {
      "version": "1.0.0",
      "dependencies": {
        "url-parse": {
          "version": "1.0.5",
          "dev": true
        }
      },
      "dev": true
    },
    "os-browserify": {
      "version": "0.1.2",
      "dev": true
    },
    "os-tmpdir": {
      "version": "1.0.2",
      "dev": true
    },
    "pad-stream": {
      "version": "1.2.0",
      "dev": true
    },
    "pako": {
      "version": "0.2.9",
      "dev": true
    },
    "parse-glob": {
      "version": "3.0.4",
      "dev": true
    },
    "parse-json": {
      "version": "2.2.0"
    },
    "parse-ms": {
      "version": "1.0.1"
    },
    "parsejson": {
      "version": "0.0.1",
      "dev": true
    },
    "parseqs": {
      "version": "0.0.2",
      "dev": true
    },
    "parseuri": {
      "version": "0.0.4",
      "dev": true
    },
    "parseurl": {
      "version": "1.3.1",
      "dev": true
    },
    "path-browserify": {
      "version": "0.0.0",
      "dev": true
    },
    "path-exists": {
      "version": "2.1.0"
    },
    "path-is-absolute": {
      "version": "1.0.1"
    },
    "path-to-regexp": {
      "version": "0.1.7",
      "dev": true
    },
    "path-type": {
      "version": "1.1.0"
    },
    "pbkdf2-compat": {
      "version": "2.0.1",
      "dev": true
    },
    "pend": {
      "version": "1.2.0",
      "dev": true
    },
    "phantomjs-prebuilt": {
      "version": "2.1.13",
      "dependencies": {
        "es6-promise": {
          "version": "4.0.5",
          "dev": true
        }
      },
      "dev": true
    },
    "pify": {
      "version": "2.3.0"
    },
    "pikaday": {
      "version": "1.4.0"
    },
    "pinkie": {
      "version": "2.0.4"
    },
    "pinkie-promise": {
      "version": "2.0.1"
    },
    "pkg-up": {
      "version": "1.0.0"
    },
    "plur": {
      "version": "1.0.0"
    },
    "portscanner": {
      "version": "1.0.0",
      "dependencies": {
        "async": {
          "version": "0.1.15",
          "dev": true
        }
      },
      "dev": true
    },
    "postcss": {
      "version": "4.1.16",
      "dependencies": {
        "source-map": {
          "version": "0.4.4",
          "dev": true
        }
      },
      "dev": true
    },
    "prelude-ls": {
      "version": "1.1.2",
      "dev": true
    },
    "preserve": {
      "version": "0.2.0",
      "dev": true
    },
    "pretty-ms": {
      "version": "2.1.0"
    },
    "process": {
      "version": "0.11.9",
      "dev": true
    },
    "process-nextick-args": {
      "version": "1.0.7",
      "dev": true
    },
    "progress": {
      "version": "1.1.8",
      "dev": true
    },
    "proxy-addr": {
      "version": "1.1.2",
      "dev": true
    },
    "prr": {
      "version": "0.0.0",
      "dev": true
    },
    "pump": {
      "version": "1.0.1",
      "dependencies": {
        "end-of-stream": {
          "version": "1.1.0",
          "dependencies": {
            "once": {
              "version": "1.3.3",
              "dev": true
            }
          },
          "dev": true
        }
      },
      "dev": true
    },
    "pumpify": {
      "version": "1.3.5",
      "dev": true
    },
    "punycode": {
      "version": "1.4.1",
      "dev": true
    },
    "qjobs": {
      "version": "1.1.5",
      "dev": true
    },
    "qs": {
      "version": "5.1.0",
      "dev": true
    },
    "querystring": {
      "version": "0.2.0",
      "dev": true
    },
    "querystring-es3": {
      "version": "0.2.1",
      "dev": true
    },
    "querystringify": {
      "version": "0.0.4",
      "dev": true
    },
    "randomatic": {
      "version": "1.1.5",
      "dev": true
    },
    "range-parser": {
      "version": "1.2.0",
      "dev": true
    },
    "raw-body": {
      "version": "2.1.7",
      "dependencies": {
        "bytes": {
          "version": "2.4.0",
          "dev": true
        }
      },
      "dev": true
    },
    "read-pkg": {
      "version": "1.1.0"
    },
    "read-pkg-up": {
      "version": "1.0.1"
    },
    "readable-stream": {
      "version": "1.1.14"
    },
    "readdirp": {
      "version": "2.1.0",
      "dependencies": {
        "isarray": {
          "version": "1.0.0",
          "dev": true
        },
        "readable-stream": {
          "version": "2.1.5",
          "dev": true
        }
      },
      "dev": true
    },
    "redent": {
      "version": "1.0.0"
    },
    "regex-cache": {
      "version": "0.4.3",
      "dev": true
    },
    "repeat-element": {
      "version": "1.1.2",
      "dev": true
    },
    "repeat-string": {
      "version": "1.6.1"
    },
    "repeating": {
      "version": "2.0.1"
    },
    "request": {
      "version": "2.74.0",
      "dependencies": {
        "qs": {
          "version": "6.2.1",
          "dev": true
        }
      },
      "dev": true
    },
    "request-progress": {
      "version": "2.0.1",
      "dev": true
    },
    "requirefresh": {
      "version": "2.1.0"
    },
    "requirejs": {
      "version": "2.3.2",
      "dev": true
    },
    "requires-port": {
      "version": "1.0.0",
      "dev": true
    },
    "resolve": {
      "version": "1.1.7"
    },
    "resolve-from": {
      "version": "2.0.0"
    },
    "resolve-pkg": {
      "version": "0.1.0"
    },
    "right-align": {
      "version": "0.1.3"
    },
    "rimraf": {
      "version": "2.2.8"
    },
    "ripemd160": {
      "version": "0.2.0",
      "dev": true
    },
    "safefs": {
      "version": "4.1.0"
    },
    "sealant": {
      "version": "0.0.2",
      "dependencies": {
        "json-stable-stringify": {
          "version": "1.0.1",
          "dependencies": {
            "jsonify": {
              "version": "0.0.0",
              "dev": true
            }
          },
          "dev": true
        }
      },
      "dev": true
    },
    "semver": {
      "version": "5.3.0"
    },
    "semver-regex": {
      "version": "1.0.0",
      "dev": true
    },
    "semver-truncate": {
      "version": "1.1.2",
      "dev": true
    },
    "send": {
      "version": "0.14.1",
      "dev": true
    },
    "serve-index": {
      "version": "1.8.0",
      "dev": true
    },
    "serve-static": {
      "version": "1.11.1",
      "dev": true
    },
    "set-immediate-shim": {
      "version": "1.0.1",
      "dev": true
    },
    "setprototypeof": {
      "version": "1.0.1",
      "dev": true
    },
    "sha.js": {
      "version": "2.2.6",
      "dev": true
    },
    "shelljs": {
      "version": "0.3.0",
      "dev": true
    },
    "sigmund": {
      "version": "1.0.1",
      "dev": true
    },
    "signal-exit": {
      "version": "3.0.1"
    },
    "slash": {
      "version": "1.0.0",
      "dev": true
    },
    "sntp": {
      "version": "1.0.9",
      "dev": true
    },
    "socket.io": {
      "version": "1.4.7",
      "dev": true
    },
    "socket.io-adapter": {
      "version": "0.4.0",
      "dependencies": {
        "socket.io-parser": {
          "version": "2.2.2",
          "dependencies": {
            "debug": {
              "version": "0.7.4",
              "dev": true
            }
          },
          "dev": true
        }
      },
      "dev": true
    },
    "socket.io-client": {
      "version": "1.4.6",
      "dependencies": {
        "component-emitter": {
          "version": "1.2.0",
          "dev": true
        }
      },
      "dev": true
    },
    "socket.io-parser": {
      "version": "2.2.6",
      "dependencies": {
        "json3": {
          "version": "3.3.2",
          "dev": true
        }
      },
      "dev": true
    },
    "sockjs": {
      "version": "0.3.18",
      "dev": true
    },
    "sockjs-client": {
      "version": "1.1.1",
      "dependencies": {
        "faye-websocket": {
          "version": "0.11.0",
          "dev": true
        },
        "json3": {
          "version": "3.3.2",
          "dev": true
        }
      },
      "dev": true
    },
    "source-list-map": {
      "version": "0.1.6",
      "dev": true
    },
    "source-map": {
      "version": "0.5.6"
    },
    "spdx-correct": {
      "version": "1.0.2"
    },
    "spdx-expression-parse": {
      "version": "1.0.4"
    },
    "spdx-license-ids": {
      "version": "1.2.2"
    },
    "split2": {
      "version": "1.1.1",
      "dev": true
    },
    "sprintf-js": {
      "version": "1.0.3"
    },
    "sshpk": {
      "version": "1.10.1",
      "dependencies": {
        "assert-plus": {
          "version": "1.0.0",
          "dev": true
        }
      },
      "dev": true
    },
    "statuses": {
      "version": "1.3.0",
      "dev": true
    },
    "stream-browserify": {
      "version": "1.0.0",
      "dev": true
    },
    "stream-cache": {
      "version": "0.0.2",
      "dev": true
    },
    "stream-shift": {
      "version": "1.0.0",
      "dev": true
    },
    "string-length": {
      "version": "1.0.1",
      "dev": true
    },
    "string_decoder": {
      "version": "0.10.31"
    },
    "stringstream": {
      "version": "0.0.5",
      "dev": true
    },
    "strip-ansi": {
      "version": "3.0.1"
    },
    "strip-bom": {
      "version": "2.0.0"
    },
    "strip-indent": {
      "version": "1.0.1"
    },
    "strip-json-comments": {
      "version": "1.0.4",
      "dev": true
    },
    "supports-color": {
      "version": "2.0.0"
    },
    "tapable": {
      "version": "0.1.10",
      "dev": true
    },
    "text-table": {
      "version": "0.2.0"
    },
    "throttleit": {
      "version": "1.0.0",
      "dev": true
    },
    "through2": {
      "version": "2.0.1",
      "dependencies": {
        "isarray": {
          "version": "1.0.0",
          "dev": true
        },
        "readable-stream": {
          "version": "2.0.6",
          "dev": true
        }
      },
      "dev": true
    },
    "time-grunt": {
      "version": "1.4.0"
    },
    "time-zone": {
      "version": "0.1.0"
    },
    "timers-browserify": {
      "version": "1.4.2",
      "dev": true
    },
    "tiny-lr": {
      "version": "0.2.1",
      "dev": true
    },
    "tmp": {
      "version": "0.0.28",
      "dev": true
    },
    "to-array": {
      "version": "0.1.4",
      "dev": true
    },
    "tough-cookie": {
      "version": "2.3.2",
      "dev": true
    },
    "trim-newlines": {
      "version": "1.0.0"
    },
    "tty-browserify": {
      "version": "0.0.0",
      "dev": true
    },
    "tunnel-agent": {
      "version": "0.4.3",
      "dev": true
    },
    "tweetnacl": {
      "version": "0.14.3",
      "dev": true,
      "optional": true
    },
    "type-check": {
      "version": "0.3.2",
      "dev": true
    },
    "type-is": {
      "version": "1.6.13",
      "dev": true
    },
    "typechecker": {
      "version": "4.3.0"
    },
    "typedarray": {
      "version": "0.0.6",
      "dev": true
    },
    "uglify-js": {
      "version": "2.7.4",
      "dependencies": {
        "async": {
          "version": "0.2.10"
        }
      }
    },
    "uglify-to-browserify": {
      "version": "1.0.2"
    },
    "ultron": {
      "version": "1.0.2",
      "dev": true
    },
    "underscore": {
      "version": "1.8.3",
      "dev": true
    },
    "underscore.string": {
      "version": "3.2.3"
    },
    "unpipe": {
      "version": "1.0.0",
      "dev": true
    },
    "url": {
      "version": "0.10.3",
      "dependencies": {
        "punycode": {
          "version": "1.3.2",
          "dev": true
        }
      },
      "dev": true
    },
    "url-parse": {
      "version": "1.1.7",
      "dev": true
    },
    "useragent": {
      "version": "2.1.9",
      "dependencies": {
        "lru-cache": {
          "version": "2.2.4",
          "dev": true
        }
      },
      "dev": true
    },
    "utf8": {
      "version": "2.1.0",
      "dev": true
    },
    "util": {
      "version": "0.10.3",
      "dependencies": {
        "inherits": {
          "version": "2.0.1",
          "dev": true
        }
      },
      "dev": true
    },
    "util-deprecate": {
      "version": "1.0.2",
      "dev": true
    },
    "utils-merge": {
      "version": "1.0.0",
      "dev": true
    },
    "uuid": {
      "version": "2.0.3",
      "dev": true
    },
    "validate-npm-package-license": {
      "version": "3.0.1"
    },
    "vary": {
      "version": "1.1.0",
      "dev": true
    },
    "verror": {
      "version": "1.3.6",
      "dev": true
    },
    "vm-browserify": {
      "version": "0.0.4",
      "dev": true
    },
    "void-elements": {
      "version": "2.0.1",
      "dev": true
    },
    "walkdir": {
      "version": "0.0.11",
      "dev": true
    },
    "watch": {
      "version": "0.19.3",
      "dev": true
    },
    "watchpack": {
      "version": "0.2.9",
      "dependencies": {
        "async": {
          "version": "0.9.2",
          "dev": true
        }
      },
      "dev": true
    },
    "webpack": {
      "version": "1.13.3",
      "dependencies": {
        "supports-color": {
          "version": "3.1.2",
          "dev": true
        }
      },
      "dev": true
    },
    "webpack-core": {
      "version": "0.6.8",
      "dependencies": {
        "source-map": {
          "version": "0.4.4",
          "dev": true
        }
      },
      "dev": true
    },
    "webpack-dev-middleware": {
      "version": "1.8.4",
      "dev": true
    },
    "webpack-dev-server": {
      "version": "1.16.2",
      "dependencies": {
        "supports-color": {
          "version": "3.1.2",
          "dev": true
        }
      },
      "dev": true
    },
    "websocket-driver": {
      "version": "0.6.5",
      "dev": true
    },
    "websocket-extensions": {
      "version": "0.1.1",
      "dev": true
    },
    "which": {
      "version": "1.2.11"
    },
    "window-size": {
      "version": "0.1.0"
    },
    "wordwrap": {
      "version": "0.0.3"
    },
    "wrappy": {
      "version": "1.0.2"
    },
    "ws": {
      "version": "1.0.1",
      "dev": true
    },
    "xmlbuilder": {
      "version": "8.2.2",
      "dev": true
    },
    "xmlhttprequest-ssl": {
      "version": "1.5.1",
      "dev": true
    },
    "xtend": {
      "version": "4.0.1",
      "dev": true
    },
    "yargs": {
      "version": "3.10.0",
      "dependencies": {
        "camelcase": {
          "version": "1.2.1"
        }
      }
    },
    "yauzl": {
      "version": "2.4.1",
      "dev": true
    },
    "yeast": {
      "version": "0.1.2",
      "dev": true
    }
  }
}