{
  "name": "gov-scot",
  "version": "0.0.0",
  "dependencies": {
    "acorn": {
      "version": "3.3.0",
      "dev": true
    },
    "ajv": {
      "version": "5.5.2",
      "dev": true
    },
    "align-text": {
      "version": "0.1.4",
      "dev": true
    },
    "amdefine": {
      "version": "1.0.1",
      "dev": true
    },
    "ansi-regex": {
      "version": "2.1.1",
      "dev": true
    },
    "ansi-styles": {
      "version": "2.2.1",
      "dev": true
    },
    "anymatch": {
      "version": "1.3.2",
      "dev": true
    },
    "argparse": {
      "version": "1.0.10",
      "dev": true
    },
    "arr-diff": {
      "version": "2.0.0",
      "dev": true
    },
    "arr-flatten": {
      "version": "1.1.0",
      "dev": true
    },
    "array-unique": {
      "version": "0.2.1",
      "dev": true
    },
    "asn1": {
      "version": "0.2.3",
      "dev": true
    },
    "assert": {
      "version": "1.4.1",
      "dev": true
    },
    "assert-plus": {
      "version": "1.0.0",
      "dev": true
    },
    "async": {
      "version": "2.6.0",
      "dev": true
    },
    "async-each": {
      "version": "1.0.1",
      "dev": true
    },
    "asynckit": {
      "version": "0.4.0",
      "dev": true
    },
    "aws-sign2": {
      "version": "0.7.0",
      "dev": true
    },
    "aws4": {
      "version": "1.7.0",
      "dev": true
    },
    "babel-code-frame": {
      "version": "6.26.0",
      "dev": true
    },
    "babel-core": {
      "version": "6.26.0",
      "dev": true
    },
    "babel-generator": {
      "version": "6.26.1",
      "dev": true
    },
    "babel-helper-call-delegate": {
      "version": "6.24.1",
      "dev": true
    },
    "babel-helper-define-map": {
      "version": "6.26.0",
      "dev": true
    },
    "babel-helper-function-name": {
      "version": "6.24.1",
      "dev": true
    },
    "babel-helper-get-function-arity": {
      "version": "6.24.1",
      "dev": true
    },
    "babel-helper-hoist-variables": {
      "version": "6.24.1",
      "dev": true
    },
    "babel-helper-optimise-call-expression": {
      "version": "6.24.1",
      "dev": true
    },
    "babel-helper-regex": {
      "version": "6.26.0",
      "dev": true
    },
    "babel-helper-replace-supers": {
      "version": "6.24.1",
      "dev": true
    },
    "babel-helpers": {
      "version": "6.24.1",
      "dev": true
    },
    "babel-loader": {
      "version": "6.4.1",
      "dev": true
    },
    "babel-messages": {
      "version": "6.23.0",
      "dev": true
    },
    "babel-plugin-check-es2015-constants": {
      "version": "6.22.0",
      "dev": true
    },
    "babel-plugin-transform-es2015-arrow-functions": {
      "version": "6.22.0",
      "dev": true
    },
    "babel-plugin-transform-es2015-block-scoped-functions": {
      "version": "6.22.0",
      "dev": true
    },
    "babel-plugin-transform-es2015-block-scoping": {
      "version": "6.26.0",
      "dev": true
    },
    "babel-plugin-transform-es2015-classes": {
      "version": "6.24.1",
      "dev": true
    },
    "babel-plugin-transform-es2015-computed-properties": {
      "version": "6.24.1",
      "dev": true
    },
    "babel-plugin-transform-es2015-destructuring": {
      "version": "6.23.0",
      "dev": true
    },
    "babel-plugin-transform-es2015-duplicate-keys": {
      "version": "6.24.1",
      "dev": true
    },
    "babel-plugin-transform-es2015-for-of": {
      "version": "6.23.0",
      "dev": true
    },
    "babel-plugin-transform-es2015-function-name": {
      "version": "6.24.1",
      "dev": true
    },
    "babel-plugin-transform-es2015-literals": {
      "version": "6.22.0",
      "dev": true
    },
    "babel-plugin-transform-es2015-modules-amd": {
      "version": "6.24.1",
      "dev": true
    },
    "babel-plugin-transform-es2015-modules-commonjs": {
      "version": "6.26.0",
      "dev": true
    },
    "babel-plugin-transform-es2015-modules-systemjs": {
      "version": "6.24.1",
      "dev": true
    },
    "babel-plugin-transform-es2015-modules-umd": {
      "version": "6.24.1",
      "dev": true
    },
    "babel-plugin-transform-es2015-object-super": {
      "version": "6.24.1",
      "dev": true
    },
    "babel-plugin-transform-es2015-parameters": {
      "version": "6.24.1",
      "dev": true
    },
    "babel-plugin-transform-es2015-shorthand-properties": {
      "version": "6.24.1",
      "dev": true
    },
    "babel-plugin-transform-es2015-spread": {
      "version": "6.22.0",
      "dev": true
    },
    "babel-plugin-transform-es2015-sticky-regex": {
      "version": "6.24.1",
      "dev": true
    },
    "babel-plugin-transform-es2015-template-literals": {
      "version": "6.22.0",
      "dev": true
    },
    "babel-plugin-transform-es2015-typeof-symbol": {
      "version": "6.23.0",
      "dev": true
    },
    "babel-plugin-transform-es2015-unicode-regex": {
      "version": "6.24.1",
      "dev": true
    },
    "babel-plugin-transform-regenerator": {
      "version": "6.26.0",
      "dev": true
    },
    "babel-plugin-transform-strict-mode": {
      "version": "6.24.1",
      "dev": true
    },
    "babel-preset-es2015": {
      "version": "6.24.1",
      "dev": true
    },
    "babel-register": {
      "version": "6.26.0",
      "dev": true
    },
    "babel-runtime": {
      "version": "6.26.0",
      "dev": true
    },
    "babel-template": {
      "version": "6.26.0",
      "dev": true
    },
    "babel-traverse": {
      "version": "6.26.0",
      "dev": true
    },
    "babel-types": {
      "version": "6.26.0",
      "dev": true
    },
    "babylon": {
      "version": "6.18.0",
      "dev": true
    },
    "balanced-match": {
      "version": "1.0.0",
      "dev": true
    },
    "base64-js": {
      "version": "1.2.3",
      "dev": true
    },
    "bcrypt-pbkdf": {
      "version": "1.0.1",
      "dev": true,
      "optional": true
    },
    "big.js": {
      "version": "3.2.0",
      "dev": true
    },
    "binary-extensions": {
      "version": "1.11.0",
      "dev": true
    },
    "boolbase": {
      "version": "1.0.0",
      "dev": true
    },
    "boom": {
      "version": "4.3.1",
      "dev": true
    },
    "brace-expansion": {
      "version": "1.1.11",
      "dev": true
    },
    "braces": {
      "version": "1.8.5",
      "dev": true
    },
    "browserify-aes": {
      "version": "0.4.0",
      "dev": true
    },
    "browserify-zlib": {
      "version": "0.1.4",
      "dev": true
    },
    "buffer": {
      "version": "4.9.1",
      "dev": true
    },
    "builtin-status-codes": {
      "version": "3.0.0",
      "dev": true
    },
    "camelcase": {
      "version": "4.1.0",
      "dev": true
    },
    "caseless": {
      "version": "0.12.0",
      "dev": true
    },
    "center-align": {
      "version": "0.1.3",
      "dev": true
    },
    "chalk": {
      "version": "1.1.3",
      "dev": true
    },
    "chokidar": {
      "version": "1.7.0",
      "dev": true
    },
    "cliui": {
      "version": "4.0.0",
      "dependencies": {
        "ansi-regex": {
          "version": "3.0.0",
          "dev": true
        },
        "strip-ansi": {
          "version": "4.0.0",
          "dev": true
        }
      },
      "dev": true
    },
    "clone": {
      "version": "2.1.2",
      "dev": true
    },
    "clone-buffer": {
      "version": "1.0.0",
      "dev": true
    },
    "clone-stats": {
      "version": "1.0.0",
      "dev": true
    },
    "cloneable-readable": {
      "version": "1.1.2",
      "dev": true
    },
    "co": {
      "version": "4.6.0",
      "dev": true
    },
    "coa": {
      "version": "2.0.1",
      "dev": true
    },
    "code-point-at": {
      "version": "1.1.0",
      "dev": true
    },
    "colors": {
      "version": "1.1.2",
      "dev": true
    },
    "combined-stream": {
      "version": "1.0.6",
      "dev": true
    },
    "commondir": {
      "version": "1.0.1",
      "dev": true
    },
    "concat-map": {
      "version": "0.0.1",
      "dev": true
    },
    "concat-stream": {
      "version": "1.6.0",
      "dev": true
    },
    "console-browserify": {
      "version": "1.1.0",
      "dev": true
    },
    "constants-browserify": {
      "version": "1.0.0",
      "dev": true
    },
    "convert-source-map": {
      "version": "1.5.1",
      "dev": true
    },
    "core-js": {
      "version": "2.5.5",
      "dev": true
    },
    "core-util-is": {
      "version": "1.0.2",
      "dev": true
    },
    "cross-spawn": {
      "version": "5.1.0",
      "dev": true
    },
    "cryptiles": {
      "version": "3.1.2",
      "dependencies": {
        "boom": {
          "version": "5.2.0",
          "dev": true
        }
      },
      "dev": true
    },
    "crypto-browserify": {
      "version": "3.3.0",
      "dev": true
    },
    "css-select": {
      "version": "1.3.0-rc0",
      "dev": true
    },
    "css-select-base-adapter": {
      "version": "0.1.0",
      "dev": true
    },
    "css-selector-parser": {
      "version": "1.3.0",
      "dev": true
    },
    "css-tree": {
      "version": "1.0.0-alpha25",
      "dev": true
    },
    "css-url-regex": {
      "version": "1.1.0",
      "dev": true
    },
    "css-what": {
      "version": "2.1.0",
      "dev": true
    },
    "cssmin": {
      "version": "0.4.3",
      "dev": true
    },
    "csso": {
      "version": "3.5.0",
      "dependencies": {
        "css-tree": {
          "version": "1.0.0-alpha.27",
          "dev": true
        }
      },
      "dev": true
    },
    "cssom": {
      "version": "0.3.2",
      "dev": true
    },
    "cycle": {
      "version": "1.0.3",
      "dev": true
    },
    "dashdash": {
      "version": "1.14.1",
      "dev": true
    },
    "date-now": {
      "version": "0.1.4",
      "dev": true
    },
    "dateformat": {
      "version": "3.0.3",
      "dev": true
    },
    "debug": {
      "version": "2.6.9",
      "dev": true
    },
    "decamelize": {
      "version": "1.2.0",
      "dev": true
    },
    "define-properties": {
      "version": "1.1.2",
      "dev": true
    },
    "delayed-stream": {
      "version": "1.0.0",
      "dev": true
    },
    "detect-indent": {
      "version": "4.0.0",
      "dev": true
    },
    "dom-serializer": {
      "version": "0.1.0",
      "dependencies": {
        "domelementtype": {
          "version": "1.1.3",
          "dev": true
        }
      },
      "dev": true
    },
    "domain-browser": {
      "version": "1.2.0",
      "dev": true
    },
    "domelementtype": {
      "version": "1.3.0",
      "dev": true
    },
    "domutils": {
      "version": "1.5.1",
      "dev": true
    },
    "ecc-jsbn": {
      "version": "0.1.1",
      "dev": true,
      "optional": true
    },
    "emojis-list": {
      "version": "2.1.0",
      "dev": true
    },
    "enhanced-resolve": {
      "version": "0.9.1",
      "dependencies": {
        "memory-fs": {
          "version": "0.2.0",
          "dev": true
        }
      },
      "dev": true
    },
    "entities": {
      "version": "1.1.1",
      "dev": true
    },
    "errno": {
      "version": "0.1.7",
      "dev": true
    },
    "es-abstract": {
      "version": "1.11.0",
      "dev": true
    },
    "es-to-primitive": {
      "version": "1.1.1",
      "dev": true
    },
    "es6-promise": {
      "version": "4.2.4",
      "dev": true
    },
    "escape-string-regexp": {
      "version": "1.0.5",
      "dev": true
    },
    "esprima": {
      "version": "4.0.0",
      "dev": true
    },
    "esutils": {
      "version": "2.0.2",
      "dev": true
    },
    "events": {
      "version": "1.1.1",
      "dev": true
    },
    "execa": {
      "version": "0.7.0",
      "dev": true
    },
    "expand-brackets": {
      "version": "0.1.5",
      "dev": true
    },
    "expand-range": {
      "version": "1.8.2",
      "dev": true
    },
    "extend": {
      "version": "3.0.1",
      "dev": true
    },
    "extglob": {
      "version": "0.3.2",
      "dev": true
    },
    "extract-zip": {
      "version": "1.6.6",
      "dependencies": {
        "mkdirp": {
          "version": "0.5.0",
          "dev": true
        }
      },
      "dev": true
    },
    "extsprintf": {
      "version": "1.3.0",
      "dev": true
    },
    "eyes": {
      "version": "0.1.8",
      "dev": true
    },
    "fast-deep-equal": {
      "version": "1.1.0",
      "dev": true
    },
    "fast-json-stable-stringify": {
      "version": "2.0.0",
      "dev": true
    },
    "fd-slicer": {
      "version": "1.0.1",
      "dev": true
    },
    "filename-regex": {
      "version": "2.0.1",
      "dev": true
    },
    "fill-range": {
      "version": "2.2.3",
      "dev": true
    },
    "find-cache-dir": {
      "version": "0.1.1",
      "dev": true
    },
    "find-up": {
      "version": "1.1.2",
      "dev": true
    },
    "for-in": {
      "version": "1.0.2",
      "dev": true
    },
    "for-own": {
      "version": "0.1.5",
      "dev": true
    },
    "foreach": {
      "version": "2.0.5",
      "dev": true
    },
    "forever-agent": {
      "version": "0.6.1",
      "dev": true
    },
    "form-data": {
      "version": "2.3.2",
      "dev": true
    },
    "fs-extra": {
      "version": "1.0.0",
      "dev": true
    },
    "fs.realpath": {
      "version": "1.0.0",
      "dev": true
    },
    "function-bind": {
      "version": "1.1.1",
      "dev": true
    },
    "get-caller-file": {
      "version": "1.0.2",
      "dev": true
    },
    "get-stream": {
      "version": "3.0.0",
      "dev": true
    },
    "getpass": {
      "version": "0.1.7",
      "dev": true
    },
    "glob": {
      "version": "7.1.2",
      "dev": true
    },
    "glob-base": {
      "version": "0.3.0",
      "dev": true
    },
    "glob-parent": {
      "version": "2.0.0",
      "dev": true
    },
    "globals": {
      "version": "9.18.0",
      "dev": true
    },
    "graceful-fs": {
      "version": "4.1.11",
      "dev": true
    },
    "har-schema": {
      "version": "2.0.0",
      "dev": true
    },
    "har-validator": {
      "version": "5.0.3",
      "dev": true
    },
    "has": {
      "version": "1.0.1",
      "dev": true
    },
    "has-ansi": {
      "version": "2.0.0",
      "dev": true
    },
    "has-flag": {
      "version": "1.0.0",
      "dev": true
    },
    "hasha": {
      "version": "2.2.0",
      "dev": true
    },
    "hawk": {
      "version": "6.0.2",
      "dev": true
    },
    "hoek": {
      "version": "4.2.1",
      "dev": true
    },
    "home-or-tmp": {
      "version": "2.0.0",
      "dev": true
    },
    "html5shiv": {
      "version": "3.7.3",
      "dev": true
    },
    "http-signature": {
      "version": "1.2.0",
      "dev": true
    },
    "https-browserify": {
      "version": "0.0.1",
      "dev": true
    },
    "ieee754": {
      "version": "1.1.11",
      "dev": true
    },
    "indexof": {
      "version": "0.0.1",
      "dev": true
    },
    "inflight": {
      "version": "1.0.6",
      "dev": true
    },
    "inherits": {
      "version": "2.0.3",
      "dev": true
    },
    "interpret": {
      "version": "0.6.6",
      "dev": true
    },
    "invariant": {
      "version": "2.2.4",
      "dev": true
    },
    "invert-kv": {
      "version": "1.0.0",
      "dev": true
    },
    "is-binary-path": {
      "version": "1.0.1",
      "dev": true
    },
    "is-buffer": {
      "version": "1.1.6",
      "dev": true
    },
    "is-callable": {
      "version": "1.1.3",
      "dev": true
    },
    "is-date-object": {
      "version": "1.0.1",
      "dev": true
    },
    "is-dotfile": {
      "version": "1.0.3",
      "dev": true
    },
    "is-equal-shallow": {
      "version": "0.1.3",
      "dev": true
    },
    "is-extendable": {
      "version": "0.1.1",
      "dev": true
    },
    "is-extglob": {
      "version": "1.0.0",
      "dev": true
    },
    "is-finite": {
      "version": "1.0.2",
      "dev": true
    },
    "is-fullwidth-code-point": {
      "version": "2.0.0",
      "dev": true
    },
    "is-glob": {
      "version": "2.0.1",
      "dev": true
    },
    "is-number": {
      "version": "2.1.0",
      "dev": true
    },
    "is-posix-bracket": {
      "version": "0.1.1",
      "dev": true
    },
    "is-primitive": {
      "version": "2.0.0",
      "dev": true
    },
    "is-regex": {
      "version": "1.0.4",
      "dev": true
    },
    "is-stream": {
      "version": "1.1.0",
      "dev": true
    },
    "is-symbol": {
      "version": "1.0.1",
      "dev": true
    },
    "is-typedarray": {
      "version": "1.0.0",
      "dev": true
    },
    "isarray": {
      "version": "1.0.0",
      "dev": true
    },
    "isexe": {
      "version": "2.0.0",
      "dev": true
    },
    "isobject": {
      "version": "2.1.0",
      "dev": true
    },
    "isstream": {
      "version": "0.1.2",
      "dev": true
    },
    "jquery": {
      "version": "1.12.4",
      "dev": true
    },
    "js-tokens": {
      "version": "3.0.2",
      "dev": true
    },
    "js-yaml": {
      "version": "3.11.0",
      "dev": true
    },
    "jsbn": {
      "version": "0.1.1",
      "dev": true,
      "optional": true
    },
    "jsesc": {
      "version": "1.3.0",
      "dev": true
    },
    "json-schema": {
      "version": "0.2.3",
      "dev": true
    },
    "json-schema-traverse": {
      "version": "0.3.1",
      "dev": true
    },
    "json-stringify-safe": {
      "version": "5.0.1",
      "dev": true
    },
    "json5": {
      "version": "0.5.1",
      "dev": true
    },
    "jsonfile": {
      "version": "2.4.0",
      "dev": true
    },
    "jsprim": {
      "version": "1.4.1",
      "dev": true
    },
    "kew": {
      "version": "0.7.0",
      "dev": true
    },
    "kind-of": {
      "version": "3.2.2",
      "dev": true
    },
    "klaw": {
      "version": "1.3.1",
      "dev": true
    },
    "lazy-cache": {
      "version": "1.0.4",
      "dev": true
    },
    "lcid": {
      "version": "1.0.0",
      "dev": true
    },
    "loader-utils": {
      "version": "0.2.17",
      "dev": true
    },
    "locate-path": {
      "version": "2.0.0",
      "dependencies": {
        "path-exists": {
          "version": "3.0.0",
          "dev": true
        }
      },
      "dev": true
    },
    "lodash": {
      "version": "4.17.5",
      "dev": true
    },
    "lodash._arraymap": {
      "version": "3.0.0",
      "dev": true
    },
    "lodash._basecallback": {
      "version": "3.3.1",
      "dev": true
    },
    "lodash._baseeach": {
      "version": "3.0.4",
      "dev": true
    },
    "lodash._baseget": {
      "version": "3.7.2",
      "dev": true
    },
    "lodash._baseisequal": {
      "version": "3.0.7",
      "dev": true
    },
    "lodash._bindcallback": {
      "version": "3.0.1",
      "dev": true
    },
    "lodash._getnative": {
      "version": "3.9.1",
      "dev": true
    },
    "lodash._topath": {
      "version": "3.8.1",
      "dev": true
    },
    "lodash.isarguments": {
      "version": "3.1.0",
      "dev": true
    },
    "lodash.isarray": {
      "version": "3.0.4",
      "dev": true
    },
    "lodash.istypedarray": {
      "version": "3.0.6",
      "dev": true
    },
    "lodash.keys": {
      "version": "3.1.2",
      "dev": true
    },
    "lodash.map": {
      "version": "3.1.4",
      "dev": true
    },
    "lodash.pairs": {
      "version": "3.0.1",
      "dev": true
    },
    "lodash.pluck": {
      "version": "3.1.2",
      "dev": true
    },
    "longest": {
      "version": "1.0.1",
      "dev": true
    },
    "loose-envify": {
      "version": "1.3.1",
      "dev": true
    },
    "lru-cache": {
      "version": "4.1.2",
      "dev": true
    },
    "mdn-data": {
      "version": "1.1.1",
      "dev": true
    },
    "mem": {
      "version": "1.1.0",
      "dev": true
    },
    "memory-fs": {
      "version": "0.3.0",
      "dev": true
    },
    "micromatch": {
      "version": "2.3.11",
      "dev": true
    },
    "mime-db": {
      "version": "1.33.0",
      "dev": true
    },
    "mime-types": {
      "version": "2.1.18",
      "dev": true
    },
    "mimic-fn": {
      "version": "1.2.0",
      "dev": true
    },
    "minimatch": {
      "version": "3.0.4",
      "dev": true
    },
    "minimist": {
      "version": "0.0.8",
      "dev": true
    },
    "mkdirp": {
      "version": "0.5.1",
      "dev": true
    },
    "moment": {
      "version": "2.22.1",
      "dev": true,
      "optional": true
    },
    "ms": {
      "version": "2.0.0",
      "dev": true
    },
    "mustache": {
      "version": "2.3.0",
      "dev": true
    },
    "nan": {
      "version": "2.10.0",
      "dev": true,
      "optional": true
    },
    "node-libs-browser": {
      "version": "0.7.0",
      "dependencies": {
        "string_decoder": {
          "version": "0.10.31",
          "dev": true
        }
      },
      "dev": true
    },
    "normalize-path": {
      "version": "2.1.1",
      "dev": true
    },
    "npm-run-path": {
      "version": "2.0.2",
      "dev": true
    },
    "nth-check": {
      "version": "1.0.1",
      "dev": true
    },
    "number-is-nan": {
      "version": "1.0.1",
      "dev": true
    },
    "oauth-sign": {
      "version": "0.8.2",
      "dev": true
    },
    "object-assign": {
      "version": "4.1.1",
      "dev": true
    },
    "object-keys": {
      "version": "1.0.11",
      "dev": true
    },
    "object.getownpropertydescriptors": {
      "version": "2.0.3",
      "dev": true
    },
    "object.omit": {
      "version": "2.0.1",
      "dev": true
    },
    "object.values": {
      "version": "1.0.4",
      "dev": true
    },
    "once": {
      "version": "1.4.0",
      "dev": true
    },
    "optimist": {
      "version": "0.6.1",
      "dev": true
    },
    "os-browserify": {
      "version": "0.2.1",
      "dev": true
    },
    "os-homedir": {
      "version": "1.0.2",
      "dev": true
    },
    "os-locale": {
      "version": "2.1.0",
      "dev": true
    },
    "os-tmpdir": {
      "version": "1.0.2",
      "dev": true
    },
    "p-finally": {
      "version": "1.0.0",
      "dev": true
    },
    "p-limit": {
      "version": "1.2.0",
      "dev": true
    },
    "p-locate": {
      "version": "2.0.0",
      "dev": true
    },
    "p-try": {
      "version": "1.0.0",
      "dev": true
    },
    "pako": {
      "version": "0.2.9",
      "dev": true
    },
    "parse-glob": {
      "version": "3.0.4",
      "dev": true
    },
    "path-browserify": {
      "version": "0.0.0",
      "dev": true
    },
    "path-exists": {
      "version": "2.1.0",
      "dev": true
    },
    "path-is-absolute": {
      "version": "1.0.1",
      "dev": true
    },
    "path-key": {
      "version": "2.0.1",
      "dev": true
    },
    "pbkdf2-compat": {
      "version": "2.0.1",
      "dev": true
    },
    "pend": {
      "version": "1.2.0",
      "dev": true
    },
    "performance-now": {
      "version": "2.1.0",
      "dev": true
    },
    "phantomjs-prebuilt": {
      "version": "2.1.16",
      "dev": true
    },
    "pikaday": {
      "version": "1.7.0",
      "dev": true
    },
    "pinkie": {
      "version": "2.0.4",
      "dev": true
    },
    "pinkie-promise": {
      "version": "2.0.1",
      "dev": true
    },
    "pkg-dir": {
      "version": "1.0.0",
      "dev": true
    },
    "preserve": {
      "version": "0.2.0",
      "dev": true
    },
    "prettysize": {
      "version": "1.1.0",
      "dev": true
    },
    "private": {
      "version": "0.1.8",
      "dev": true
    },
    "process": {
      "version": "0.11.10",
      "dev": true
    },
    "process-nextick-args": {
      "version": "2.0.0",
      "dev": true
    },
    "progress": {
      "version": "1.1.8",
      "dev": true
    },
    "prr": {
      "version": "1.0.1",
      "dev": true
    },
    "pseudomap": {
      "version": "1.0.2",
      "dev": true
    },
    "punycode": {
      "version": "1.4.1",
      "dev": true
    },
    "q": {
      "version": "1.5.1",
      "dev": true
    },
    "qs": {
      "version": "6.5.1",
      "dev": true
    },
    "querystring": {
      "version": "0.2.0",
      "dev": true
    },
    "querystring-es3": {
      "version": "0.2.1",
      "dev": true
    },
    "randomatic": {
      "version": "1.1.7",
      "dependencies": {
        "is-number": {
          "version": "3.0.0",
          "dependencies": {
            "kind-of": {
              "version": "3.2.2",
              "dev": true
            }
          },
          "dev": true
        },
        "kind-of": {
          "version": "4.0.0",
          "dev": true
        }
      },
      "dev": true
    },
    "readable-stream": {
      "version": "2.3.6",
      "dev": true
    },
    "readdirp": {
      "version": "2.1.0",
      "dev": true
    },
    "regenerate": {
      "version": "1.3.3",
      "dev": true
    },
    "regenerator-runtime": {
      "version": "0.11.1",
      "dev": true
    },
    "regenerator-transform": {
      "version": "0.10.1",
      "dev": true
    },
    "regex-cache": {
      "version": "0.4.4",
      "dev": true
    },
    "regexpu-core": {
      "version": "2.0.0",
      "dev": true
    },
    "regjsgen": {
      "version": "0.2.0",
      "dev": true
    },
    "regjsparser": {
      "version": "0.1.5",
      "dependencies": {
        "jsesc": {
          "version": "0.5.0",
          "dev": true
        }
      },
      "dev": true
    },
    "remove-trailing-separator": {
      "version": "1.1.0",
      "dev": true
    },
    "repeat-element": {
      "version": "1.1.2",
      "dev": true
    },
    "repeat-string": {
      "version": "1.6.1",
      "dev": true
    },
    "repeating": {
      "version": "2.0.1",
      "dev": true
    },
    "replace-ext": {
      "version": "1.0.0",
      "dev": true
    },
    "request": {
      "version": "2.85.0",
      "dev": true
    },
    "request-progress": {
      "version": "2.0.1",
      "dev": true
    },
    "require-directory": {
      "version": "2.1.1",
      "dev": true
    },
    "require-main-filename": {
      "version": "1.0.1",
      "dev": true
    },
    "right-align": {
      "version": "0.1.3",
      "dev": true
    },
    "ripemd160": {
      "version": "0.2.0",
      "dev": true
    },
    "safe-buffer": {
      "version": "5.1.1",
      "dev": true
    },
    "sax": {
      "version": "1.2.4",
      "dev": true
    },
    "sealant": {
      "version": "0.0.2",
      "dependencies": {
        "json-stable-stringify": {
          "version": "1.0.1",
          "dependencies": {
            "jsonify": {
              "version": "0.0.0",
              "dev": true
            }
          },
          "dev": true
        }
      },
      "dev": true
    },
    "set-blocking": {
      "version": "2.0.0",
      "dev": true
    },
    "set-immediate-shim": {
      "version": "1.0.1",
      "dev": true
    },
    "setimmediate": {
      "version": "1.0.5",
      "dev": true
    },
    "sha.js": {
      "version": "2.2.6",
      "dev": true
    },
    "shebang-command": {
      "version": "1.2.0",
      "dev": true
    },
    "shebang-regex": {
      "version": "1.0.0",
      "dev": true
    },
    "signal-exit": {
      "version": "3.0.2",
      "dev": true
    },
    "slash": {
      "version": "1.0.0",
      "dev": true
    },
    "sntp": {
      "version": "2.1.0",
      "dev": true
    },
    "source-list-map": {
      "version": "0.1.8",
      "dev": true
    },
    "source-map": {
      "version": "0.5.7",
      "dev": true
    },
    "source-map-support": {
      "version": "0.4.18",
      "dev": true
    },
    "sprintf-js": {
      "version": "1.0.3",
      "dev": true
    },
    "sshpk": {
      "version": "1.14.1",
      "dev": true
    },
    "stable": {
      "version": "0.1.7",
      "dev": true
    },
    "stack-trace": {
      "version": "0.0.10",
      "dev": true
    },
    "stream-browserify": {
      "version": "2.0.1",
      "dev": true
    },
    "stream-http": {
      "version": "2.8.1",
      "dev": true
    },
    "string-width": {
      "version": "2.1.1",
      "dependencies": {
        "ansi-regex": {
          "version": "3.0.0",
          "dev": true
        },
        "strip-ansi": {
          "version": "4.0.0",
          "dev": true
        }
      },
      "dev": true
    },
    "string_decoder": {
      "version": "1.1.1",
      "dev": true
    },
    "stringstream": {
      "version": "0.0.5",
      "dev": true
    },
    "strip-ansi": {
      "version": "3.0.1",
      "dev": true
    },
    "strip-eof": {
      "version": "1.0.0",
      "dev": true
    },
    "supports-color": {
      "version": "2.0.0",
      "dev": true
    },
    "svg-sprite": {
      "version": "1.4.0",
      "dev": true
    },
    "svgo": {
      "version": "1.0.5",
      "dependencies": {
        "js-yaml": {
          "version": "3.10.0",
          "dev": true
        }
      },
      "dev": true
    },
    "tapable": {
      "version": "0.1.10",
      "dev": true
    },
    "throttleit": {
      "version": "1.0.0",
      "dev": true
    },
    "timers-browserify": {
      "version": "2.0.8",
      "dev": true
    },
    "to-arraybuffer": {
      "version": "1.0.1",
      "dev": true
    },
    "to-fast-properties": {
      "version": "1.0.3",
      "dev": true
    },
    "tough-cookie": {
      "version": "2.3.4",
      "dev": true
    },
    "trim-right": {
      "version": "1.0.1",
      "dev": true
    },
    "tty-browserify": {
      "version": "0.0.0",
      "dev": true
    },
    "tunnel-agent": {
      "version": "0.6.0",
      "dev": true
    },
    "tweetnacl": {
      "version": "0.14.5",
      "dev": true,
      "optional": true
    },
    "typedarray": {
      "version": "0.0.6",
      "dev": true
    },
    "uglify-js": {
      "version": "2.7.5",
      "dependencies": {
        "async": {
          "version": "0.2.10",
          "dev": true
        },
        "camelcase": {
          "version": "1.2.1",
          "dev": true
        },
        "cliui": {
          "version": "2.1.0",
          "dev": true
        },
        "wordwrap": {
          "version": "0.0.2",
          "dev": true
        },
        "yargs": {
          "version": "3.10.0",
          "dev": true
        }
      },
      "dev": true
    },
    "uglify-to-browserify": {
      "version": "1.0.2",
      "dev": true
    },
    "unquote": {
      "version": "1.1.1",
      "dev": true
    },
    "url": {
      "version": "0.11.0",
      "dependencies": {
        "punycode": {
          "version": "1.3.2",
          "dev": true
        }
      },
      "dev": true
    },
    "util": {
      "version": "0.10.3",
      "dependencies": {
        "inherits": {
          "version": "2.0.1",
          "dev": true
        }
      },
      "dev": true
    },
    "util-deprecate": {
      "version": "1.0.2",
      "dev": true
    },
    "util.promisify": {
      "version": "1.0.0",
      "dev": true
    },
    "uuid": {
      "version": "3.2.1",
      "dev": true
    },
    "verror": {
      "version": "1.10.0",
      "dev": true
    },
    "vinyl": {
      "version": "2.1.0",
      "dev": true
    },
    "vm-browserify": {
      "version": "0.0.4",
      "dev": true
    },
    "watchpack": {
      "version": "0.2.9",
      "dependencies": {
        "async": {
          "version": "0.9.2",
          "dev": true
        }
      },
      "dev": true
    },
    "webpack": {
      "version": "1.15.0",
      "dependencies": {
        "async": {
          "version": "1.5.2",
          "dev": true
        },
        "clone": {
          "version": "1.0.4",
          "dev": true
        },
        "supports-color": {
          "version": "3.2.3",
          "dev": true
        }
      },
      "dev": true
    },
    "webpack-core": {
      "version": "0.6.9",
      "dependencies": {
        "source-map": {
          "version": "0.4.4",
          "dev": true
        }
      },
      "dev": true
    },
    "which": {
      "version": "1.3.0",
      "dev": true
    },
    "which-module": {
      "version": "2.0.0",
      "dev": true
    },
    "window-size": {
      "version": "0.1.0",
      "dev": true
    },
    "winston": {
      "version": "2.4.1",
      "dependencies": {
        "async": {
          "version": "1.0.0",
          "dev": true
        },
        "colors": {
          "version": "1.0.3",
          "dev": true
        }
      },
      "dev": true
    },
    "wordwrap": {
      "version": "0.0.3",
      "dev": true
    },
    "wrap-ansi": {
      "version": "2.1.0",
      "dependencies": {
        "is-fullwidth-code-point": {
          "version": "1.0.0",
          "dev": true
        },
        "string-width": {
          "version": "1.0.2",
          "dev": true
        }
      },
      "dev": true
    },
    "wrappy": {
      "version": "1.0.2",
      "dev": true
    },
    "xmldom": {
      "version": "0.1.27",
      "dev": true
    },
    "xpath": {
      "version": "0.0.27",
      "dev": true
    },
    "xtend": {
      "version": "4.0.1",
      "dev": true
    },
    "y18n": {
      "version": "3.2.1",
      "dev": true
    },
    "yallist": {
      "version": "2.1.2",
      "dev": true
    },
    "yargs": {
      "version": "11.0.0",
      "dependencies": {
        "find-up": {
          "version": "2.1.0",
          "dev": true
        }
      },
      "dev": true
    },
    "yargs-parser": {
      "version": "9.0.2",
      "dev": true
    },
    "yauzl": {
      "version": "2.4.1",
      "dev": true
    }
  }
}
