{
  "name": "gov-scot",
  "version": "0.0.0",
  "dependencies": {
    "html5shiv": {
      "version": "3.7.3",
      "dev": true
    },
    "inuit-box-sizing": {
      "version": "0.2.0",
      "dev": true
    },
    "inuit-defaults": {
      "version": "0.2.3",
      "dev": true
    },
    "inuit-functions": {
      "version": "0.2.0",
      "dev": true
    },
    "inuit-layout": {
      "version": "0.2.2",
      "dev": true
    },
    "inuit-mixins": {
      "version": "0.2.3",
      "dev": true
    },
    "inuit-normalize": {
      "version": "3.0.3",
      "dev": true
    },
    "inuit-page": {
      "version": "0.2.1",
      "dev": true
    },
    "inuit-responsive-settings": {
      "version": "0.1.5",
      "dev": true
    },
    "inuit-responsive-tools": {
      "version": "0.1.3",
      "dev": true
    },
    "inuit-responsive-widths": {
      "version": "0.2.2",
      "dev": true
    },
    "inuit-starter-kit": {
      "version": "0.2.9",
      "dependencies": {
        "inuit-defaults": {
          "version": "0.2.1",
          "dev": true
        },
        "inuit-normalize": {
          "version": "3.0.2",
          "dev": true
        }
      },
      "dev": true
    },
    "inuit-tools-widths": {
      "version": "0.1.4",
      "dev": true
    },
    "inuit-widths": {
      "version": "0.4.2",
      "dev": true
    },
    "jquery": {
      "version": "1.12.4",
      "dev": true
    },
    "moment": {
      "version": "2.20.1",
      "dev": true,
      "optional": true
    },
    "pikaday": {
      "version": "1.4.0",
      "dev": true
    },
    "sealant": {
      "version": "0.0.2",
      "dependencies": {
        "json-stable-stringify": {
          "version": "1.0.1",
          "dependencies": {
            "jsonify": {
              "version": "0.0.0",
              "dev": true
            }
          },
          "dev": true
        }
      },
      "dev": true
    }
  }
}